
Microsoft Visual Studio Solution File, Format Version 12.00
# Visual Studio Version 16
VisualStudioVersion = 16.0.810.5
MinimumVisualStudioVersion = 10.0.40219.1
Project("{FAE04EC0-301F-11D3-BF4B-00C04F79EFBC}") = "FilterPage", "FilterPage\FilterPage.csproj", "{30959DCD-D645-44D9-9268-7BF6E5DA8B7C}"
EndProject
Global
	GlobalSection(SolutionConfigurationPlatforms) = preSolution
		Debug|Any CPU = Debug|Any CPU
		Release|Any CPU = Release|Any CPU
	EndGlobalSection
	GlobalSection(ProjectConfigurationPlatforms) = postSolution
		{30959DCD-D645-44D9-9268-7BF6E5DA8B7C}.Debug|Any CPU.ActiveCfg = Debug|Any CPU
		{30959DCD-D645-44D9-9268-7BF6E5DA8B7C}.Debug|Any CPU.Build.0 = Debug|Any CPU
		{30959DCD-D645-44D9-9268-7BF6E5DA8B7C}.Release|Any CPU.ActiveCfg = Release|Any CPU
		{30959DCD-D645-44D9-9268-7BF6E5DA8B7C}.Release|Any CPU.Build.0 = Release|Any CPU
	EndGlobalSection
	GlobalSection(SolutionProperties) = preSolution
		HideSolutionNode = FALSE
	EndGlobalSection
	GlobalSection(ExtensibilityGlobals) = postSolution
		SolutionGuid = {27CFF6B9-A7C7-47BC-9E57-09FA7146C3DE}
	EndGlobalSection
EndGlobal
